
Microsoft Visual Studio Solution File, Format Version 12.00
# Visual Studio 14
VisualStudioVersion = 14.0.25420.1
MinimumVisualStudioVersion = 10.0.40219.1
Project("{FAE04EC0-301F-11D3-BF4B-00C04F79EFBC}") = "Framework", "Framework\Framework.csproj", "{C63F5AEF-FF42-457D-8730-D175E6E25990}"
EndProject
Project("{FAE04EC0-301F-11D3-BF4B-00C04F79EFBC}") = "NUnitTests", "NUnitTests\NUnitTests.csproj", "{915A9CD4-EEE7-4E80-ABE8-C040B1EC1965}"
EndProject
Project("{2150E333-8FDC-42A3-9474-1A3956D46DE8}") = "TestsData", "TestsData", "{BF141194-5FC8-4E16-96E2-ECFB55F852CE}"
	ProjectSection(SolutionItems) = preProject
		Users.xml = Users.xml
		UsersForRegistration.xml = UsersForRegistration.xml
	EndProjectSection
EndProject
Global
	GlobalSection(SolutionConfigurationPlatforms) = preSolution
		Debug|Any CPU = Debug|Any CPU
		Release|Any CPU = Release|Any CPU
	EndGlobalSection
	GlobalSection(ProjectConfigurationPlatforms) = postSolution
		{C63F5AEF-FF42-457D-8730-D175E6E25990}.Debug|Any CPU.ActiveCfg = Debug|Any CPU
		{C63F5AEF-FF42-457D-8730-D175E6E25990}.Debug|Any CPU.Build.0 = Debug|Any CPU
		{C63F5AEF-FF42-457D-8730-D175E6E25990}.Release|Any CPU.ActiveCfg = Release|Any CPU
		{C63F5AEF-FF42-457D-8730-D175E6E25990}.Release|Any CPU.Build.0 = Release|Any CPU
		{915A9CD4-EEE7-4E80-ABE8-C040B1EC1965}.Debug|Any CPU.ActiveCfg = Debug|Any CPU
		{915A9CD4-EEE7-4E80-ABE8-C040B1EC1965}.Debug|Any CPU.Build.0 = Debug|Any CPU
		{915A9CD4-EEE7-4E80-ABE8-C040B1EC1965}.Release|Any CPU.ActiveCfg = Release|Any CPU
		{915A9CD4-EEE7-4E80-ABE8-C040B1EC1965}.Release|Any CPU.Build.0 = Release|Any CPU
	EndGlobalSection
	GlobalSection(SolutionProperties) = preSolution
		HideSolutionNode = FALSE
	EndGlobalSection
EndGlobal
